
Microsoft Visual Studio Solution File, Format Version 12.00
# Visual Studio Version 17
VisualStudioVersion = 17.0.31903.59
MinimumVisualStudioVersion = 10.0.40219.1
Project("{FAE04EC0-301F-11D3-BF4B-00C04F79EFBC}") = "LinkUp.Api", "Api\LinkUp.Api.csproj", "{A6A0F977-9C31-4B1E-9C7E-7A6DF4FD9A11}"
EndProject
Project("{FAE04EC0-301F-11D3-BF4B-00C04F79EFBC}") = "LinkUp.Core", "Core\LinkUp.Core.csproj", "{F5DBF1D2-6F68-4695-9C1A-8CDB90D02998}"
EndProject
Project("{FAE04EC0-301F-11D3-BF4B-00C04F79EFBC}") = "LinkUp.Data", "Data\LinkUp.Data.csproj", "{576DC5C8-C601-4CB9-B308-1FE8D77BA324}"
EndProject
Project("{FAE04EC0-301F-11D3-BF4B-00C04F79EFBC}") = "LinkUp.Infrastructure", "Infrastructure\LinkUp.Infrastructure.csproj", "{2EAC918B-E134-46A6-BF5A-E643F8131A86}"
EndProject
Project("{2150E333-8FDC-42A3-9474-1A3956D46DE8}") = "Tests", "Tests", "{0AB3BF05-4346-4AA6-1389-037BE0695223}"
EndProject
Project("{FAE04EC0-301F-11D3-BF4B-00C04F79EFBC}") = "LinkUp.Tests", "Tests\LinkUp.Tests.csproj", "{60FEAB6F-0FB7-4621-BAC4-591E4E463FE9}"
EndProject
Global
	GlobalSection(SolutionConfigurationPlatforms) = preSolution
		Debug|Any CPU = Debug|Any CPU
		Debug|x64 = Debug|x64
		Debug|x86 = Debug|x86
		Release|Any CPU = Release|Any CPU
		Release|x64 = Release|x64
		Release|x86 = Release|x86
	EndGlobalSection
	GlobalSection(ProjectConfigurationPlatforms) = postSolution
		{A6A0F977-9C31-4B1E-9C7E-7A6DF4FD9A11}.Debug|Any CPU.ActiveCfg = Debug|Any CPU
		{A6A0F977-9C31-4B1E-9C7E-7A6DF4FD9A11}.Debug|Any CPU.Build.0 = Debug|Any CPU
		{A6A0F977-9C31-4B1E-9C7E-7A6DF4FD9A11}.Debug|x64.ActiveCfg = Debug|Any CPU
		{A6A0F977-9C31-4B1E-9C7E-7A6DF4FD9A11}.Debug|x64.Build.0 = Debug|Any CPU
		{A6A0F977-9C31-4B1E-9C7E-7A6DF4FD9A11}.Debug|x86.ActiveCfg = Debug|Any CPU
		{A6A0F977-9C31-4B1E-9C7E-7A6DF4FD9A11}.Debug|x86.Build.0 = Debug|Any CPU
		{A6A0F977-9C31-4B1E-9C7E-7A6DF4FD9A11}.Release|Any CPU.ActiveCfg = Release|Any CPU
		{A6A0F977-9C31-4B1E-9C7E-7A6DF4FD9A11}.Release|Any CPU.Build.0 = Release|Any CPU
		{A6A0F977-9C31-4B1E-9C7E-7A6DF4FD9A11}.Release|x64.ActiveCfg = Release|Any CPU
		{A6A0F977-9C31-4B1E-9C7E-7A6DF4FD9A11}.Release|x64.Build.0 = Release|Any CPU
		{A6A0F977-9C31-4B1E-9C7E-7A6DF4FD9A11}.Release|x86.ActiveCfg = Release|Any CPU
		{A6A0F977-9C31-4B1E-9C7E-7A6DF4FD9A11}.Release|x86.Build.0 = Release|Any CPU
		{F5DBF1D2-6F68-4695-9C1A-8CDB90D02998}.Debug|Any CPU.ActiveCfg = Debug|Any CPU
		{F5DBF1D2-6F68-4695-9C1A-8CDB90D02998}.Debug|Any CPU.Build.0 = Debug|Any CPU
		{F5DBF1D2-6F68-4695-9C1A-8CDB90D02998}.Debug|x64.ActiveCfg = Debug|Any CPU
		{F5DBF1D2-6F68-4695-9C1A-8CDB90D02998}.Debug|x64.Build.0 = Debug|Any CPU
		{F5DBF1D2-6F68-4695-9C1A-8CDB90D02998}.Debug|x86.ActiveCfg = Debug|Any CPU
		{F5DBF1D2-6F68-4695-9C1A-8CDB90D02998}.Debug|x86.Build.0 = Debug|Any CPU
		{F5DBF1D2-6F68-4695-9C1A-8CDB90D02998}.Release|Any CPU.ActiveCfg = Release|Any CPU
		{F5DBF1D2-6F68-4695-9C1A-8CDB90D02998}.Release|Any CPU.Build.0 = Release|Any CPU
		{F5DBF1D2-6F68-4695-9C1A-8CDB90D02998}.Release|x64.ActiveCfg = Release|Any CPU
		{F5DBF1D2-6F68-4695-9C1A-8CDB90D02998}.Release|x64.Build.0 = Release|Any CPU
		{F5DBF1D2-6F68-4695-9C1A-8CDB90D02998}.Release|x86.ActiveCfg = Release|Any CPU
		{F5DBF1D2-6F68-4695-9C1A-8CDB90D02998}.Release|x86.Build.0 = Release|Any CPU
		{576DC5C8-C601-4CB9-B308-1FE8D77BA324}.Debug|Any CPU.ActiveCfg = Debug|Any CPU
		{576DC5C8-C601-4CB9-B308-1FE8D77BA324}.Debug|Any CPU.Build.0 = Debug|Any CPU
		{576DC5C8-C601-4CB9-B308-1FE8D77BA324}.Debug|x64.ActiveCfg = Debug|Any CPU
		{576DC5C8-C601-4CB9-B308-1FE8D77BA324}.Debug|x64.Build.0 = Debug|Any CPU
		{576DC5C8-C601-4CB9-B308-1FE8D77BA324}.Debug|x86.ActiveCfg = Debug|Any CPU
		{576DC5C8-C601-4CB9-B308-1FE8D77BA324}.Debug|x86.Build.0 = Debug|Any CPU
		{576DC5C8-C601-4CB9-B308-1FE8D77BA324}.Release|Any CPU.ActiveCfg = Release|Any CPU
		{576DC5C8-C601-4CB9-B308-1FE8D77BA324}.Release|Any CPU.Build.0 = Release|Any CPU
		{576DC5C8-C601-4CB9-B308-1FE8D77BA324}.Release|x64.ActiveCfg = Release|Any CPU
		{576DC5C8-C601-4CB9-B308-1FE8D77BA324}.Release|x64.Build.0 = Release|Any CPU
		{576DC5C8-C601-4CB9-B308-1FE8D77BA324}.Release|x86.ActiveCfg = Release|Any CPU
		{576DC5C8-C601-4CB9-B308-1FE8D77BA324}.Release|x86.Build.0 = Release|Any CPU
		{2EAC918B-E134-46A6-BF5A-E643F8131A86}.Debug|Any CPU.ActiveCfg = Debug|Any CPU
		{2EAC918B-E134-46A6-BF5A-E643F8131A86}.Debug|Any CPU.Build.0 = Debug|Any CPU
		{2EAC918B-E134-46A6-BF5A-E643F8131A86}.Debug|x64.ActiveCfg = Debug|Any CPU
		{2EAC918B-E134-46A6-BF5A-E643F8131A86}.Debug|x64.Build.0 = Debug|Any CPU
		{2EAC918B-E134-46A6-BF5A-E643F8131A86}.Debug|x86.ActiveCfg = Debug|Any CPU
		{2EAC918B-E134-46A6-BF5A-E643F8131A86}.Debug|x86.Build.0 = Debug|Any CPU
		{2EAC918B-E134-46A6-BF5A-E643F8131A86}.Release|Any CPU.ActiveCfg = Release|Any CPU
		{2EAC918B-E134-46A6-BF5A-E643F8131A86}.Release|Any CPU.Build.0 = Release|Any CPU
		{2EAC918B-E134-46A6-BF5A-E643F8131A86}.Release|x64.ActiveCfg = Release|Any CPU
		{2EAC918B-E134-46A6-BF5A-E643F8131A86}.Release|x64.Build.0 = Release|Any CPU
		{2EAC918B-E134-46A6-BF5A-E643F8131A86}.Release|x86.ActiveCfg = Release|Any CPU
		{2EAC918B-E134-46A6-BF5A-E643F8131A86}.Release|x86.Build.0 = Release|Any CPU
		{60FEAB6F-0FB7-4621-BAC4-591E4E463FE9}.Debug|Any CPU.ActiveCfg = Debug|Any CPU
		{60FEAB6F-0FB7-4621-BAC4-591E4E463FE9}.Debug|Any CPU.Build.0 = Debug|Any CPU
		{60FEAB6F-0FB7-4621-BAC4-591E4E463FE9}.Debug|x64.ActiveCfg = Debug|Any CPU
		{60FEAB6F-0FB7-4621-BAC4-591E4E463FE9}.Debug|x64.Build.0 = Debug|Any CPU
		{60FEAB6F-0FB7-4621-BAC4-591E4E463FE9}.Debug|x86.ActiveCfg = Debug|Any CPU
		{60FEAB6F-0FB7-4621-BAC4-591E4E463FE9}.Debug|x86.Build.0 = Debug|Any CPU
		{60FEAB6F-0FB7-4621-BAC4-591E4E463FE9}.Release|Any CPU.ActiveCfg = Release|Any CPU
		{60FEAB6F-0FB7-4621-BAC4-591E4E463FE9}.Release|Any CPU.Build.0 = Release|Any CPU
		{60FEAB6F-0FB7-4621-BAC4-591E4E463FE9}.Release|x64.ActiveCfg = Release|Any CPU
		{60FEAB6F-0FB7-4621-BAC4-591E4E463FE9}.Release|x64.Build.0 = Release|Any CPU
		{60FEAB6F-0FB7-4621-BAC4-591E4E463FE9}.Release|x86.ActiveCfg = Release|Any CPU
		{60FEAB6F-0FB7-4621-BAC4-591E4E463FE9}.Release|x86.Build.0 = Release|Any CPU
	EndGlobalSection
	GlobalSection(SolutionProperties) = preSolution
		HideSolutionNode = FALSE
	EndGlobalSection
	GlobalSection(NestedProjects) = preSolution
		{60FEAB6F-0FB7-4621-BAC4-591E4E463FE9} = {0AB3BF05-4346-4AA6-1389-037BE0695223}
	EndGlobalSection
EndGlobal
